
Microsoft Visual Studio Solution File, Format Version 12.00
# Visual Studio 2015
Project("{FAE04EC0-301F-11D3-BF4B-00C04F79EFBC}") = "memtris.CSharp.Plugins", "memtris.CSharp.Plugins.csproj", "{099334FC-6B49-8976-398A-9B71DBE6F85E}"
EndProject
Project("{FAE04EC0-301F-11D3-BF4B-00C04F79EFBC}") = "memtris.CSharp", "memtris.CSharp.csproj", "{3C3F1A8F-5EBE-136D-327F-DFB22DD645E8}"
EndProject
Global
	GlobalSection(SolutionConfigurationPlatforms) = preSolution
		Debug|Any CPU = Debug|Any CPU
		Release|Any CPU = Release|Any CPU
	EndGlobalSection
	GlobalSection(ProjectConfigurationPlatforms) = postSolution
		{099334FC-6B49-8976-398A-9B71DBE6F85E}.Debug|Any CPU.ActiveCfg = Debug|Any CPU
		{099334FC-6B49-8976-398A-9B71DBE6F85E}.Debug|Any CPU.Build.0 = Debug|Any CPU
		{099334FC-6B49-8976-398A-9B71DBE6F85E}.Release|Any CPU.ActiveCfg = Release|Any CPU
		{099334FC-6B49-8976-398A-9B71DBE6F85E}.Release|Any CPU.Build.0 = Release|Any CPU
		{3C3F1A8F-5EBE-136D-327F-DFB22DD645E8}.Debug|Any CPU.ActiveCfg = Debug|Any CPU
		{3C3F1A8F-5EBE-136D-327F-DFB22DD645E8}.Debug|Any CPU.Build.0 = Debug|Any CPU
		{3C3F1A8F-5EBE-136D-327F-DFB22DD645E8}.Release|Any CPU.ActiveCfg = Release|Any CPU
		{3C3F1A8F-5EBE-136D-327F-DFB22DD645E8}.Release|Any CPU.Build.0 = Release|Any CPU
	EndGlobalSection
	GlobalSection(SolutionProperties) = preSolution
		HideSolutionNode = FALSE
	EndGlobalSection
EndGlobal
